
Microsoft Visual Studio Solution File, Format Version 12.00
# Visual Studio 14
VisualStudioVersion = 14.0.25123.0
MinimumVisualStudioVersion = 10.0.40219.1
Project("{FAE04EC0-301F-11D3-BF4B-00C04F79EFBC}") = "AdvWorks.Api", "AdvWorks.Api\AdvWorks.Api.csproj", "{AA237E5B-E03D-4DA1-ABAB-F5177BC54728}"
EndProject
Project("{FAE04EC0-301F-11D3-BF4B-00C04F79EFBC}") = "AdvWorks.Api.Tests", "AdvWorks.Api.Tests\AdvWorks.Api.Tests.csproj", "{A90534BD-D3AB-48E1-B33B-387B9C3BDA37}"
EndProject
Global
	GlobalSection(SolutionConfigurationPlatforms) = preSolution
		Debug|Any CPU = Debug|Any CPU
		Release|Any CPU = Release|Any CPU
	EndGlobalSection
	GlobalSection(ProjectConfigurationPlatforms) = postSolution
		{AA237E5B-E03D-4DA1-ABAB-F5177BC54728}.Debug|Any CPU.ActiveCfg = Debug|Any CPU
		{AA237E5B-E03D-4DA1-ABAB-F5177BC54728}.Debug|Any CPU.Build.0 = Debug|Any CPU
		{AA237E5B-E03D-4DA1-ABAB-F5177BC54728}.Release|Any CPU.ActiveCfg = Release|Any CPU
		{AA237E5B-E03D-4DA1-ABAB-F5177BC54728}.Release|Any CPU.Build.0 = Release|Any CPU
		{A90534BD-D3AB-48E1-B33B-387B9C3BDA37}.Debug|Any CPU.ActiveCfg = Debug|Any CPU
		{A90534BD-D3AB-48E1-B33B-387B9C3BDA37}.Debug|Any CPU.Build.0 = Debug|Any CPU
		{A90534BD-D3AB-48E1-B33B-387B9C3BDA37}.Release|Any CPU.ActiveCfg = Release|Any CPU
		{A90534BD-D3AB-48E1-B33B-387B9C3BDA37}.Release|Any CPU.Build.0 = Release|Any CPU
	EndGlobalSection
	GlobalSection(SolutionProperties) = preSolution
		HideSolutionNode = FALSE
	EndGlobalSection
EndGlobal
